// !$*UTF8*$!
{
	archiveVersion = 1;
	classes = {
	};
	objectVersion = 50;
	objects = {

/* Begin PBXBuildFile section */
		CB3452DF230AB29C001A602B /* AppDelegate.swift in Sources */ = {isa = PBXBuildFile; fileRef = CB3452DE230AB29C001A602B /* AppDelegate.swift */; };
		CB3452E1230AB29C001A602B /* ViewController.swift in Sources */ = {isa = PBXBuildFile; fileRef = CB3452E0230AB29C001A602B /* ViewController.swift */; };
		CB3452E4230AB29C001A602B /* Main.storyboard in Resources */ = {isa = PBXBuildFile; fileRef = CB3452E2230AB29C001A602B /* Main.storyboard */; };
		CB3452E6230AB29F001A602B /* Assets.xcassets in Resources */ = {isa = PBXBuildFile; fileRef = CB3452E5230AB29F001A602B /* Assets.xcassets */; };
		CB3452E9230AB29F001A602B /* LaunchScreen.storyboard in Resources */ = {isa = PBXBuildFile; fileRef = CB3452E7230AB29F001A602B /* LaunchScreen.storyboard */; };
		CB3452F4230AB29F001A602B /* WeatherTests.swift in Sources */ = {isa = PBXBuildFile; fileRef = CB3452F3230AB29F001A602B /* WeatherTests.swift */; };
		CB3452FF230AB29F001A602B /* WeatherUITests.swift in Sources */ = {isa = PBXBuildFile; fileRef = CB3452FE230AB29F001A602B /* WeatherUITests.swift */; };
		CB34532E230AE960001A602B /* NetworkManager.swift in Sources */ = {isa = PBXBuildFile; fileRef = CB34531F230AE960001A602B /* NetworkManager.swift */; };
		CB34532F230AE960001A602B /* ParameterEncoder.swift in Sources */ = {isa = PBXBuildFile; fileRef = CB345321230AE960001A602B /* ParameterEncoder.swift */; };
		CB345330230AE960001A602B /* URLParameterEncoder.swift in Sources */ = {isa = PBXBuildFile; fileRef = CB345322230AE960001A602B /* URLParameterEncoder.swift */; };
		CB345331230AE961001A602B /* JSONParameterEncoder.swift in Sources */ = {isa = PBXBuildFile; fileRef = CB345323230AE960001A602B /* JSONParameterEncoder.swift */; };
		CB345332230AE961001A602B /* HTTPTask.swift in Sources */ = {isa = PBXBuildFile; fileRef = CB345325230AE960001A602B /* HTTPTask.swift */; };
		CB345333230AE961001A602B /* HTTPMethod.swift in Sources */ = {isa = PBXBuildFile; fileRef = CB345326230AE960001A602B /* HTTPMethod.swift */; };
		CB345334230AE961001A602B /* Router.swift in Sources */ = {isa = PBXBuildFile; fileRef = CB345327230AE960001A602B /* Router.swift */; };
		CB345336230AE961001A602B /* ResponseProtocol.swift in Sources */ = {isa = PBXBuildFile; fileRef = CB34532B230AE960001A602B /* ResponseProtocol.swift */; };
		CB345337230AE961001A602B /* RequestProtocol.swift in Sources */ = {isa = PBXBuildFile; fileRef = CB34532C230AE960001A602B /* RequestProtocol.swift */; };
/* End PBXBuildFile section */

/* Begin PBXContainerItemProxy section */
		CB3452F0230AB29F001A602B /* PBXContainerItemProxy */ = {
			isa = PBXContainerItemProxy;
			containerPortal = CB3452D3230AB29C001A602B /* Project object */;
			proxyType = 1;
			remoteGlobalIDString = CB3452DA230AB29C001A602B;
			remoteInfo = Weather;
		};
		CB3452FB230AB29F001A602B /* PBXContainerItemProxy */ = {
			isa = PBXContainerItemProxy;
			containerPortal = CB3452D3230AB29C001A602B /* Project object */;
			proxyType = 1;
			remoteGlobalIDString = CB3452DA230AB29C001A602B;
			remoteInfo = Weather;
		};
/* End PBXContainerItemProxy section */

/* Begin PBXFileReference section */
		CB3452DB230AB29C001A602B /* Weather.app */ = {isa = PBXFileReference; explicitFileType = wrapper.application; includeInIndex = 0; path = Weather.app; sourceTree = BUILT_PRODUCTS_DIR; };
		CB3452DE230AB29C001A602B /* AppDelegate.swift */ = {isa = PBXFileReference; lastKnownFileType = sourcecode.swift; path = AppDelegate.swift; sourceTree = "<group>"; };
		CB3452E0230AB29C001A602B /* ViewController.swift */ = {isa = PBXFileReference; lastKnownFileType = sourcecode.swift; path = ViewController.swift; sourceTree = "<group>"; };
		CB3452E3230AB29C001A602B /* Base */ = {isa = PBXFileReference; lastKnownFileType = file.storyboard; name = Base; path = Base.lproj/Main.storyboard; sourceTree = "<group>"; };
		CB3452E5230AB29F001A602B /* Assets.xcassets */ = {isa = PBXFileReference; lastKnownFileType = folder.assetcatalog; path = Assets.xcassets; sourceTree = "<group>"; };
		CB3452E8230AB29F001A602B /* Base */ = {isa = PBXFileReference; lastKnownFileType = file.storyboard; name = Base; path = Base.lproj/LaunchScreen.storyboard; sourceTree = "<group>"; };
		CB3452EA230AB29F001A602B /* Info.plist */ = {isa = PBXFileReference; lastKnownFileType = text.plist.xml; path = Info.plist; sourceTree = "<group>"; };
		CB3452EF230AB29F001A602B /* WeatherTests.xctest */ = {isa = PBXFileReference; explicitFileType = wrapper.cfbundle; includeInIndex = 0; path = WeatherTests.xctest; sourceTree = BUILT_PRODUCTS_DIR; };
		CB3452F3230AB29F001A602B /* WeatherTests.swift */ = {isa = PBXFileReference; lastKnownFileType = sourcecode.swift; path = WeatherTests.swift; sourceTree = "<group>"; };
		CB3452F5230AB29F001A602B /* Info.plist */ = {isa = PBXFileReference; lastKnownFileType = text.plist.xml; path = Info.plist; sourceTree = "<group>"; };
		CB3452FA230AB29F001A602B /* WeatherUITests.xctest */ = {isa = PBXFileReference; explicitFileType = wrapper.cfbundle; includeInIndex = 0; path = WeatherUITests.xctest; sourceTree = BUILT_PRODUCTS_DIR; };
		CB3452FE230AB29F001A602B /* WeatherUITests.swift */ = {isa = PBXFileReference; lastKnownFileType = sourcecode.swift; path = WeatherUITests.swift; sourceTree = "<group>"; };
		CB345300230AB29F001A602B /* Info.plist */ = {isa = PBXFileReference; lastKnownFileType = text.plist.xml; path = Info.plist; sourceTree = "<group>"; };
		CB34531F230AE960001A602B /* NetworkManager.swift */ = {isa = PBXFileReference; fileEncoding = 4; lastKnownFileType = sourcecode.swift; path = NetworkManager.swift; sourceTree = "<group>"; };
		CB345321230AE960001A602B /* ParameterEncoder.swift */ = {isa = PBXFileReference; fileEncoding = 4; lastKnownFileType = sourcecode.swift; path = ParameterEncoder.swift; sourceTree = "<group>"; };
		CB345322230AE960001A602B /* URLParameterEncoder.swift */ = {isa = PBXFileReference; fileEncoding = 4; lastKnownFileType = sourcecode.swift; path = URLParameterEncoder.swift; sourceTree = "<group>"; };
		CB345323230AE960001A602B /* JSONParameterEncoder.swift */ = {isa = PBXFileReference; fileEncoding = 4; lastKnownFileType = sourcecode.swift; path = JSONParameterEncoder.swift; sourceTree = "<group>"; };
		CB345325230AE960001A602B /* HTTPTask.swift */ = {isa = PBXFileReference; fileEncoding = 4; lastKnownFileType = sourcecode.swift; path = HTTPTask.swift; sourceTree = "<group>"; };
		CB345326230AE960001A602B /* HTTPMethod.swift */ = {isa = PBXFileReference; fileEncoding = 4; lastKnownFileType = sourcecode.swift; path = HTTPMethod.swift; sourceTree = "<group>"; };
		CB345327230AE960001A602B /* Router.swift */ = {isa = PBXFileReference; fileEncoding = 4; lastKnownFileType = sourcecode.swift; path = Router.swift; sourceTree = "<group>"; };
		CB34532B230AE960001A602B /* ResponseProtocol.swift */ = {isa = PBXFileReference; fileEncoding = 4; lastKnownFileType = sourcecode.swift; path = ResponseProtocol.swift; sourceTree = "<group>"; };
		CB34532C230AE960001A602B /* RequestProtocol.swift */ = {isa = PBXFileReference; fileEncoding = 4; lastKnownFileType = sourcecode.swift; path = RequestProtocol.swift; sourceTree = "<group>"; };
/* End PBXFileReference section */

/* Begin PBXFrameworksBuildPhase section */
		CB3452D8230AB29C001A602B /* Frameworks */ = {
			isa = PBXFrameworksBuildPhase;
			buildActionMask = 2147483647;
			files = (
			);
			runOnlyForDeploymentPostprocessing = 0;
		};
		CB3452EC230AB29F001A602B /* Frameworks */ = {
			isa = PBXFrameworksBuildPhase;
			buildActionMask = 2147483647;
			files = (
			);
			runOnlyForDeploymentPostprocessing = 0;
		};
		CB3452F7230AB29F001A602B /* Frameworks */ = {
			isa = PBXFrameworksBuildPhase;
			buildActionMask = 2147483647;
			files = (
			);
			runOnlyForDeploymentPostprocessing = 0;
		};
/* End PBXFrameworksBuildPhase section */

/* Begin PBXGroup section */
		CB3452D2230AB29C001A602B = {
			isa = PBXGroup;
			children = (
				CB3452DD230AB29C001A602B /* Weather */,
				CB3452F2230AB29F001A602B /* WeatherTests */,
				CB3452FD230AB29F001A602B /* WeatherUITests */,
				CB3452DC230AB29C001A602B /* Products */,
			);
			sourceTree = "<group>";
		};
		CB3452DC230AB29C001A602B /* Products */ = {
			isa = PBXGroup;
			children = (
				CB3452DB230AB29C001A602B /* Weather.app */,
				CB3452EF230AB29F001A602B /* WeatherTests.xctest */,
				CB3452FA230AB29F001A602B /* WeatherUITests.xctest */,
			);
			name = Products;
			sourceTree = "<group>";
		};
		CB3452DD230AB29C001A602B /* Weather */ = {
			isa = PBXGroup;
			children = (
				CB34530E230AB3CD001A602B /* Views */,
				CB345315230AB482001A602B /* ViewModels */,
				CB34530D230AB3C3001A602B /* Controllers */,
				CB345314230AB476001A602B /* Models */,
				CB345311230AB3F7001A602B /* Data */,
				CB34530C230AB3B6001A602B /* Application */,
				CB345312230AB400001A602B /* Helpers */,
				CB345310230AB3DD001A602B /* Resources */,
				CB3452EA230AB29F001A602B /* Info.plist */,
			);
			path = Weather;
			sourceTree = "<group>";
		};
		CB3452F2230AB29F001A602B /* WeatherTests */ = {
			isa = PBXGroup;
			children = (
				CB3452F3230AB29F001A602B /* WeatherTests.swift */,
				CB3452F5230AB29F001A602B /* Info.plist */,
			);
			path = WeatherTests;
			sourceTree = "<group>";
		};
		CB3452FD230AB29F001A602B /* WeatherUITests */ = {
			isa = PBXGroup;
			children = (
				CB3452FE230AB29F001A602B /* WeatherUITests.swift */,
				CB345300230AB29F001A602B /* Info.plist */,
			);
			path = WeatherUITests;
			sourceTree = "<group>";
		};
		CB34530C230AB3B6001A602B /* Application */ = {
			isa = PBXGroup;
			children = (
				CB3452DE230AB29C001A602B /* AppDelegate.swift */,
			);
			path = Application;
			sourceTree = "<group>";
		};
		CB34530D230AB3C3001A602B /* Controllers */ = {
			isa = PBXGroup;
			children = (
				CB3452E0230AB29C001A602B /* ViewController.swift */,
			);
			path = Controllers;
			sourceTree = "<group>";
		};
		CB34530E230AB3CD001A602B /* Views */ = {
			isa = PBXGroup;
			children = (
				CB3452E7230AB29F001A602B /* LaunchScreen.storyboard */,
				CB3452E2230AB29C001A602B /* Main.storyboard */,
			);
			path = Views;
			sourceTree = "<group>";
		};
		CB345310230AB3DD001A602B /* Resources */ = {
			isa = PBXGroup;
			children = (
				CB3452E5230AB29F001A602B /* Assets.xcassets */,
			);
			path = Resources;
			sourceTree = "<group>";
		};
		CB345311230AB3F7001A602B /* Data */ = {
			isa = PBXGroup;
			children = (
			);
			path = Data;
			sourceTree = "<group>";
		};
		CB345312230AB400001A602B /* Helpers */ = {
			isa = PBXGroup;
			children = (
				CB34531E230AE960001A602B /* NetworkManager */,
			);
			path = Helpers;
			sourceTree = "<group>";
		};
		CB345314230AB476001A602B /* Models */ = {
			isa = PBXGroup;
			children = (
			);
			path = Models;
			sourceTree = "<group>";
		};
		CB345315230AB482001A602B /* ViewModels */ = {
			isa = PBXGroup;
			children = (
			);
			path = ViewModels;
			sourceTree = "<group>";
		};
		CB34531E230AE960001A602B /* NetworkManager */ = {
			isa = PBXGroup;
			children = (
				CB34531F230AE960001A602B /* NetworkManager.swift */,
				CB345320230AE960001A602B /* Encoding */,
				CB345324230AE960001A602B /* Operations */,
				CB34532A230AE960001A602B /* Protocols */,
			);
			path = NetworkManager;
			sourceTree = "<group>";
		};
		CB345320230AE960001A602B /* Encoding */ = {
			isa = PBXGroup;
			children = (
				CB345321230AE960001A602B /* ParameterEncoder.swift */,
				CB345322230AE960001A602B /* URLParameterEncoder.swift */,
				CB345323230AE960001A602B /* JSONParameterEncoder.swift */,
			);
			path = Encoding;
			sourceTree = "<group>";
		};
		CB345324230AE960001A602B /* Operations */ = {
			isa = PBXGroup;
			children = (
				CB345325230AE960001A602B /* HTTPTask.swift */,
				CB345326230AE960001A602B /* HTTPMethod.swift */,
				CB345327230AE960001A602B /* Router.swift */,
			);
			path = Operations;
			sourceTree = "<group>";
		};
		CB34532A230AE960001A602B /* Protocols */ = {
			isa = PBXGroup;
			children = (
				CB34532B230AE960001A602B /* ResponseProtocol.swift */,
				CB34532C230AE960001A602B /* RequestProtocol.swift */,
			);
			path = Protocols;
			sourceTree = "<group>";
		};
/* End PBXGroup section */

/* Begin PBXNativeTarget section */
		CB3452DA230AB29C001A602B /* Weather */ = {
			isa = PBXNativeTarget;
			buildConfigurationList = CB345303230AB29F001A602B /* Build configuration list for PBXNativeTarget "Weather" */;
			buildPhases = (
				CB3452D7230AB29C001A602B /* Sources */,
				CB3452D8230AB29C001A602B /* Frameworks */,
				CB3452D9230AB29C001A602B /* Resources */,
			);
			buildRules = (
			);
			dependencies = (
			);
			name = Weather;
			productName = Weather;
			productReference = CB3452DB230AB29C001A602B /* Weather.app */;
			productType = "com.apple.product-type.application";
		};
		CB3452EE230AB29F001A602B /* WeatherTests */ = {
			isa = PBXNativeTarget;
			buildConfigurationList = CB345306230AB29F001A602B /* Build configuration list for PBXNativeTarget "WeatherTests" */;
			buildPhases = (
				CB3452EB230AB29F001A602B /* Sources */,
				CB3452EC230AB29F001A602B /* Frameworks */,
				CB3452ED230AB29F001A602B /* Resources */,
			);
			buildRules = (
			);
			dependencies = (
				CB3452F1230AB29F001A602B /* PBXTargetDependency */,
			);
			name = WeatherTests;
			productName = WeatherTests;
			productReference = CB3452EF230AB29F001A602B /* WeatherTests.xctest */;
			productType = "com.apple.product-type.bundle.unit-test";
		};
		CB3452F9230AB29F001A602B /* WeatherUITests */ = {
			isa = PBXNativeTarget;
			buildConfigurationList = CB345309230AB29F001A602B /* Build configuration list for PBXNativeTarget "WeatherUITests" */;
			buildPhases = (
				CB3452F6230AB29F001A602B /* Sources */,
				CB3452F7230AB29F001A602B /* Frameworks */,
				CB3452F8230AB29F001A602B /* Resources */,
			);
			buildRules = (
			);
			dependencies = (
				CB3452FC230AB29F001A602B /* PBXTargetDependency */,
			);
			name = WeatherUITests;
			productName = WeatherUITests;
			productReference = CB3452FA230AB29F001A602B /* WeatherUITests.xctest */;
			productType = "com.apple.product-type.bundle.ui-testing";
		};
/* End PBXNativeTarget section */

/* Begin PBXProject section */
		CB3452D3230AB29C001A602B /* Project object */ = {
			isa = PBXProject;
			attributes = {
				LastSwiftUpdateCheck = 1010;
				LastUpgradeCheck = 1010;
				ORGANIZATIONNAME = World;
				TargetAttributes = {
					CB3452DA230AB29C001A602B = {
						CreatedOnToolsVersion = 10.1;
					};
					CB3452EE230AB29F001A602B = {
						CreatedOnToolsVersion = 10.1;
						TestTargetID = CB3452DA230AB29C001A602B;
					};
					CB3452F9230AB29F001A602B = {
						CreatedOnToolsVersion = 10.1;
						TestTargetID = CB3452DA230AB29C001A602B;
					};
				};
			};
			buildConfigurationList = CB3452D6230AB29C001A602B /* Build configuration list for PBXProject "Weather" */;
			compatibilityVersion = "Xcode 9.3";
			developmentRegion = en;
			hasScannedForEncodings = 0;
			knownRegions = (
				en,
				Base,
			);
			mainGroup = CB3452D2230AB29C001A602B;
			productRefGroup = CB3452DC230AB29C001A602B /* Products */;
			projectDirPath = "";
			projectRoot = "";
			targets = (
				CB3452DA230AB29C001A602B /* Weather */,
				CB3452EE230AB29F001A602B /* WeatherTests */,
				CB3452F9230AB29F001A602B /* WeatherUITests */,
			);
		};
/* End PBXProject section */

/* Begin PBXResourcesBuildPhase section */
		CB3452D9230AB29C001A602B /* Resources */ = {
			isa = PBXResourcesBuildPhase;
			buildActionMask = 2147483647;
			files = (
				CB3452E9230AB29F001A602B /* LaunchScreen.storyboard in Resources */,
				CB3452E6230AB29F001A602B /* Assets.xcassets in Resources */,
				CB3452E4230AB29C001A602B /* Main.storyboard in Resources */,
			);
			runOnlyForDeploymentPostprocessing = 0;
		};
		CB3452ED230AB29F001A602B /* Resources */ = {
			isa = PBXResourcesBuildPhase;
			buildActionMask = 2147483647;
			files = (
			);
			runOnlyForDeploymentPostprocessing = 0;
		};
		CB3452F8230AB29F001A602B /* Resources */ = {
			isa = PBXResourcesBuildPhase;
			buildActionMask = 2147483647;
			files = (
			);
			runOnlyForDeploymentPostprocessing = 0;
		};
/* End PBXResourcesBuildPhase section */

/* Begin PBXSourcesBuildPhase section */
		CB3452D7230AB29C001A602B /* Sources */ = {
			isa = PBXSourcesBuildPhase;
			buildActionMask = 2147483647;
			files = (
				CB345332230AE961001A602B /* HTTPTask.swift in Sources */,
				CB34532E230AE960001A602B /* NetworkManager.swift in Sources */,
				CB345337230AE961001A602B /* RequestProtocol.swift in Sources */,
				CB3452E1230AB29C001A602B /* ViewController.swift in Sources */,
				CB345331230AE961001A602B /* JSONParameterEncoder.swift in Sources */,
				CB345334230AE961001A602B /* Router.swift in Sources */,
				CB345333230AE961001A602B /* HTTPMethod.swift in Sources */,
				CB345336230AE961001A602B /* ResponseProtocol.swift in Sources */,
				CB34532F230AE960001A602B /* ParameterEncoder.swift in Sources */,
				CB345330230AE960001A602B /* URLParameterEncoder.swift in Sources */,
				CB3452DF230AB29C001A602B /* AppDelegate.swift in Sources */,
			);
			runOnlyForDeploymentPostprocessing = 0;
		};
		CB3452EB230AB29F001A602B /* Sources */ = {
			isa = PBXSourcesBuildPhase;
			buildActionMask = 2147483647;
			files = (
				CB3452F4230AB29F001A602B /* WeatherTests.swift in Sources */,
			);
			runOnlyForDeploymentPostprocessing = 0;
		};
		CB3452F6230AB29F001A602B /* Sources */ = {
			isa = PBXSourcesBuildPhase;
			buildActionMask = 2147483647;
			files = (
				CB3452FF230AB29F001A602B /* WeatherUITests.swift in Sources */,
			);
			runOnlyForDeploymentPostprocessing = 0;
		};
/* End PBXSourcesBuildPhase section */

/* Begin PBXTargetDependency section */
		CB3452F1230AB29F001A602B /* PBXTargetDependency */ = {
			isa = PBXTargetDependency;
			target = CB3452DA230AB29C001A602B /* Weather */;
			targetProxy = CB3452F0230AB29F001A602B /* PBXContainerItemProxy */;
		};
		CB3452FC230AB29F001A602B /* PBXTargetDependency */ = {
			isa = PBXTargetDependency;
			target = CB3452DA230AB29C001A602B /* Weather */;
			targetProxy = CB3452FB230AB29F001A602B /* PBXContainerItemProxy */;
		};
/* End PBXTargetDependency section */

/* Begin PBXVariantGroup section */
		CB3452E2230AB29C001A602B /* Main.storyboard */ = {
			isa = PBXVariantGroup;
			children = (
				CB3452E3230AB29C001A602B /* Base */,
			);
			name = Main.storyboard;
			sourceTree = "<group>";
		};
		CB3452E7230AB29F001A602B /* LaunchScreen.storyboard */ = {
			isa = PBXVariantGroup;
			children = (
				CB3452E8230AB29F001A602B /* Base */,
			);
			name = LaunchScreen.storyboard;
			sourceTree = "<group>";
		};
/* End PBXVariantGroup section */

/* Begin XCBuildConfiguration section */
		CB345301230AB29F001A602B /* Debug */ = {
			isa = XCBuildConfiguration;
			buildSettings = {
				ALWAYS_SEARCH_USER_PATHS = NO;
				CLANG_ANALYZER_NONNULL = YES;
				CLANG_ANALYZER_NUMBER_OBJECT_CONVERSION = YES_AGGRESSIVE;
				CLANG_CXX_LANGUAGE_STANDARD = "gnu++14";
				CLANG_CXX_LIBRARY = "libc++";
				CLANG_ENABLE_MODULES = YES;
				CLANG_ENABLE_OBJC_ARC = YES;
				CLANG_ENABLE_OBJC_WEAK = YES;
				CLANG_WARN_BLOCK_CAPTURE_AUTORELEASING = YES;
				CLANG_WARN_BOOL_CONVERSION = YES;
				CLANG_WARN_COMMA = YES;
				CLANG_WARN_CONSTANT_CONVERSION = YES;
				CLANG_WARN_DEPRECATED_OBJC_IMPLEMENTATIONS = YES;
				CLANG_WARN_DIRECT_OBJC_ISA_USAGE = YES_ERROR;
				CLANG_WARN_DOCUMENTATION_COMMENTS = YES;
				CLANG_WARN_EMPTY_BODY = YES;
				CLANG_WARN_ENUM_CONVERSION = YES;
				CLANG_WARN_INFINITE_RECURSION = YES;
				CLANG_WARN_INT_CONVERSION = YES;
				CLANG_WARN_NON_LITERAL_NULL_CONVERSION = YES;
				CLANG_WARN_OBJC_IMPLICIT_RETAIN_SELF = YES;
				CLANG_WARN_OBJC_LITERAL_CONVERSION = YES;
				CLANG_WARN_OBJC_ROOT_CLASS = YES_ERROR;
				CLANG_WARN_RANGE_LOOP_ANALYSIS = YES;
				CLANG_WARN_STRICT_PROTOTYPES = YES;
				CLANG_WARN_SUSPICIOUS_MOVE = YES;
				CLANG_WARN_UNGUARDED_AVAILABILITY = YES_AGGRESSIVE;
				CLANG_WARN_UNREACHABLE_CODE = YES;
				CLANG_WARN__DUPLICATE_METHOD_MATCH = YES;
				CODE_SIGN_IDENTITY = "iPhone Developer";
				COPY_PHASE_STRIP = NO;
				DEBUG_INFORMATION_FORMAT = dwarf;
				ENABLE_STRICT_OBJC_MSGSEND = YES;
				ENABLE_TESTABILITY = YES;
				GCC_C_LANGUAGE_STANDARD = gnu11;
				GCC_DYNAMIC_NO_PIC = NO;
				GCC_NO_COMMON_BLOCKS = YES;
				GCC_OPTIMIZATION_LEVEL = 0;
				GCC_PREPROCESSOR_DEFINITIONS = (
					"DEBUG=1",
					"$(inherited)",
				);
				GCC_WARN_64_TO_32_BIT_CONVERSION = YES;
				GCC_WARN_ABOUT_RETURN_TYPE = YES_ERROR;
				GCC_WARN_UNDECLARED_SELECTOR = YES;
				GCC_WARN_UNINITIALIZED_AUTOS = YES_AGGRESSIVE;
				GCC_WARN_UNUSED_FUNCTION = YES;
				GCC_WARN_UNUSED_VARIABLE = YES;
				IPHONEOS_DEPLOYMENT_TARGET = 12.1;
				MTL_ENABLE_DEBUG_INFO = INCLUDE_SOURCE;
				MTL_FAST_MATH = YES;
				ONLY_ACTIVE_ARCH = YES;
				SDKROOT = iphoneos;
				SWIFT_ACTIVE_COMPILATION_CONDITIONS = DEBUG;
				SWIFT_OPTIMIZATION_LEVEL = "-Onone";
			};
			name = Debug;
		};
		CB345302230AB29F001A602B /* Release */ = {
			isa = XCBuildConfiguration;
			buildSettings = {
				ALWAYS_SEARCH_USER_PATHS = NO;
				CLANG_ANALYZER_NONNULL = YES;
				CLANG_ANALYZER_NUMBER_OBJECT_CONVERSION = YES_AGGRESSIVE;
				CLANG_CXX_LANGUAGE_STANDARD = "gnu++14";
				CLANG_CXX_LIBRARY = "libc++";
				CLANG_ENABLE_MODULES = YES;
				CLANG_ENABLE_OBJC_ARC = YES;
				CLANG_ENABLE_OBJC_WEAK = YES;
				CLANG_WARN_BLOCK_CAPTURE_AUTORELEASING = YES;
				CLANG_WARN_BOOL_CONVERSION = YES;
				CLANG_WARN_COMMA = YES;
				CLANG_WARN_CONSTANT_CONVERSION = YES;
				CLANG_WARN_DEPRECATED_OBJC_IMPLEMENTATIONS = YES;
				CLANG_WARN_DIRECT_OBJC_ISA_USAGE = YES_ERROR;
				CLANG_WARN_DOCUMENTATION_COMMENTS = YES;
				CLANG_WARN_EMPTY_BODY = YES;
				CLANG_WARN_ENUM_CONVERSION = YES;
				CLANG_WARN_INFINITE_RECURSION = YES;
				CLANG_WARN_INT_CONVERSION = YES;
				CLANG_WARN_NON_LITERAL_NULL_CONVERSION = YES;
				CLANG_WARN_OBJC_IMPLICIT_RETAIN_SELF = YES;
				CLANG_WARN_OBJC_LITERAL_CONVERSION = YES;
				CLANG_WARN_OBJC_ROOT_CLASS = YES_ERROR;
				CLANG_WARN_RANGE_LOOP_ANALYSIS = YES;
				CLANG_WARN_STRICT_PROTOTYPES = YES;
				CLANG_WARN_SUSPICIOUS_MOVE = YES;
				CLANG_WARN_UNGUARDED_AVAILABILITY = YES_AGGRESSIVE;
				CLANG_WARN_UNREACHABLE_CODE = YES;
				CLANG_WARN__DUPLICATE_METHOD_MATCH = YES;
				CODE_SIGN_IDENTITY = "iPhone Developer";
				COPY_PHASE_STRIP = NO;
				DEBUG_INFORMATION_FORMAT = "dwarf-with-dsym";
				ENABLE_NS_ASSERTIONS = NO;
				ENABLE_STRICT_OBJC_MSGSEND = YES;
				GCC_C_LANGUAGE_STANDARD = gnu11;
				GCC_NO_COMMON_BLOCKS = YES;
				GCC_WARN_64_TO_32_BIT_CONVERSION = YES;
				GCC_WARN_ABOUT_RETURN_TYPE = YES_ERROR;
				GCC_WARN_UNDECLARED_SELECTOR = YES;
				GCC_WARN_UNINITIALIZED_AUTOS = YES_AGGRESSIVE;
				GCC_WARN_UNUSED_FUNCTION = YES;
				GCC_WARN_UNUSED_VARIABLE = YES;
				IPHONEOS_DEPLOYMENT_TARGET = 12.1;
				MTL_ENABLE_DEBUG_INFO = NO;
				MTL_FAST_MATH = YES;
				SDKROOT = iphoneos;
				SWIFT_COMPILATION_MODE = wholemodule;
				SWIFT_OPTIMIZATION_LEVEL = "-O";
				VALIDATE_PRODUCT = YES;
			};
			name = Release;
		};
		CB345304230AB29F001A602B /* Debug */ = {
			isa = XCBuildConfiguration;
			buildSettings = {
				ASSETCATALOG_COMPILER_APPICON_NAME = AppIcon;
				CODE_SIGN_STYLE = Automatic;
				DEVELOPMENT_TEAM = D4GDUVD762;
				INFOPLIST_FILE = Weather/Info.plist;
				IPHONEOS_DEPLOYMENT_TARGET = 12.0;
				LD_RUNPATH_SEARCH_PATHS = (
					"$(inherited)",
					"@executable_path/Frameworks",
				);
				PRODUCT_BUNDLE_IDENTIFIER = com.world.Weather;
				PRODUCT_NAME = "$(TARGET_NAME)";
				SWIFT_VERSION = 4.2;
				TARGETED_DEVICE_FAMILY = 1;
			};
			name = Debug;
		};
		CB345305230AB29F001A602B /* Release */ = {
			isa = XCBuildConfiguration;
			buildSettings = {
				ASSETCATALOG_COMPILER_APPICON_NAME = AppIcon;
				CODE_SIGN_STYLE = Automatic;
				DEVELOPMENT_TEAM = D4GDUVD762;
				INFOPLIST_FILE = Weather/Info.plist;
				IPHONEOS_DEPLOYMENT_TARGET = 12.0;
				LD_RUNPATH_SEARCH_PATHS = (
					"$(inherited)",
					"@executable_path/Frameworks",
				);
				PRODUCT_BUNDLE_IDENTIFIER = com.world.Weather;
				PRODUCT_NAME = "$(TARGET_NAME)";
				SWIFT_VERSION = 4.2;
				TARGETED_DEVICE_FAMILY = 1;
			};
			name = Release;
		};
		CB345307230AB29F001A602B /* Debug */ = {
			isa = XCBuildConfiguration;
			buildSettings = {
				ALWAYS_EMBED_SWIFT_STANDARD_LIBRARIES = YES;
				BUNDLE_LOADER = "$(TEST_HOST)";
				CODE_SIGN_STYLE = Automatic;
				INFOPLIST_FILE = WeatherTests/Info.plist;
				LD_RUNPATH_SEARCH_PATHS = (
					"$(inherited)",
					"@executable_path/Frameworks",
					"@loader_path/Frameworks",
				);
				PRODUCT_BUNDLE_IDENTIFIER = com.world.WeatherTests;
				PRODUCT_NAME = "$(TARGET_NAME)";
				SWIFT_VERSION = 4.2;
				TARGETED_DEVICE_FAMILY = "1,2";
				TEST_HOST = "$(BUILT_PRODUCTS_DIR)/Weather.app/Weather";
			};
			name = Debug;
		};
		CB345308230AB29F001A602B /* Release */ = {
			isa = XCBuildConfiguration;
			buildSettings = {
				ALWAYS_EMBED_SWIFT_STANDARD_LIBRARIES = YES;
				BUNDLE_LOADER = "$(TEST_HOST)";
				CODE_SIGN_STYLE = Automatic;
				INFOPLIST_FILE = WeatherTests/Info.plist;
				LD_RUNPATH_SEARCH_PATHS = (
					"$(inherited)",
					"@executable_path/Frameworks",
					"@loader_path/Frameworks",
				);
				PRODUCT_BUNDLE_IDENTIFIER = com.world.WeatherTests;
				PRODUCT_NAME = "$(TARGET_NAME)";
				SWIFT_VERSION = 4.2;
				TARGETED_DEVICE_FAMILY = "1,2";
				TEST_HOST = "$(BUILT_PRODUCTS_DIR)/Weather.app/Weather";
			};
			name = Release;
		};
		CB34530A230AB29F001A602B /* Debug */ = {
			isa = XCBuildConfiguration;
			buildSettings = {
				ALWAYS_EMBED_SWIFT_STANDARD_LIBRARIES = YES;
				CODE_SIGN_STYLE = Automatic;
				INFOPLIST_FILE = WeatherUITests/Info.plist;
				LD_RUNPATH_SEARCH_PATHS = (
					"$(inherited)",
					"@executable_path/Frameworks",
					"@loader_path/Frameworks",
				);
				PRODUCT_BUNDLE_IDENTIFIER = com.world.WeatherUITests;
				PRODUCT_NAME = "$(TARGET_NAME)";
				SWIFT_VERSION = 4.2;
				TARGETED_DEVICE_FAMILY = "1,2";
				TEST_TARGET_NAME = Weather;
			};
			name = Debug;
		};
		CB34530B230AB29F001A602B /* Release */ = {
			isa = XCBuildConfiguration;
			buildSettings = {
				ALWAYS_EMBED_SWIFT_STANDARD_LIBRARIES = YES;
				CODE_SIGN_STYLE = Automatic;
				INFOPLIST_FILE = WeatherUITests/Info.plist;
				LD_RUNPATH_SEARCH_PATHS = (
					"$(inherited)",
					"@executable_path/Frameworks",
					"@loader_path/Frameworks",
				);
				PRODUCT_BUNDLE_IDENTIFIER = com.world.WeatherUITests;
				PRODUCT_NAME = "$(TARGET_NAME)";
				SWIFT_VERSION = 4.2;
				TARGETED_DEVICE_FAMILY = "1,2";
				TEST_TARGET_NAME = Weather;
			};
			name = Release;
		};
/* End XCBuildConfiguration section */

/* Begin XCConfigurationList section */
		CB3452D6230AB29C001A602B /* Build configuration list for PBXProject "Weather" */ = {
			isa = XCConfigurationList;
			buildConfigurations = (
				CB345301230AB29F001A602B /* Debug */,
				CB345302230AB29F001A602B /* Release */,
			);
			defaultConfigurationIsVisible = 0;
			defaultConfigurationName = Release;
		};
		CB345303230AB29F001A602B /* Build configuration list for PBXNativeTarget "Weather" */ = {
			isa = XCConfigurationList;
			buildConfigurations = (
				CB345304230AB29F001A602B /* Debug */,
				CB345305230AB29F001A602B /* Release */,
			);
			defaultConfigurationIsVisible = 0;
			defaultConfigurationName = Release;
		};
		CB345306230AB29F001A602B /* Build configuration list for PBXNativeTarget "WeatherTests" */ = {
			isa = XCConfigurationList;
			buildConfigurations = (
				CB345307230AB29F001A602B /* Debug */,
				CB345308230AB29F001A602B /* Release */,
			);
			defaultConfigurationIsVisible = 0;
			defaultConfigurationName = Release;
		};
		CB345309230AB29F001A602B /* Build configuration list for PBXNativeTarget "WeatherUITests" */ = {
			isa = XCConfigurationList;
			buildConfigurations = (
				CB34530A230AB29F001A602B /* Debug */,
				CB34530B230AB29F001A602B /* Release */,
			);
			defaultConfigurationIsVisible = 0;
			defaultConfigurationName = Release;
		};
/* End XCConfigurationList section */
	};
	rootObject = CB3452D3230AB29C001A602B /* Project object */;
}
